<?xml version="1.0" encoding="utf-8"?>
<Project ToolsVersion="4.0" xmlns="http://schemas.microsoft.com/developer/msbuild/2003">
  <ItemGroup>
    <Filter Include="Source Files">
      <UniqueIdentifier>{811f8711-34aa-4f78-9a60-ceb323da8c47}</UniqueIdentifier>
      <Extensions>cpp;c;cxx;rc;def;r;odl;idl;hpj;bat</Extensions>
    </Filter>
    <Filter Include="Header Files">
      <UniqueIdentifier>{4f336a8b-e652-4b45-8d29-f555d35e7fbd}</UniqueIdentifier>
      <Extensions>h;hpp;hxx;hm;inl</Extensions>
    </Filter>
    <Filter Include="Resource Files">
      <UniqueIdentifier>{a0609f58-092a-4c6c-baa0-272b538bfac5}</UniqueIdentifier>
      <Extensions>ico;cur;bmp;dlg;rc2;rct;bin;rgs;gif;jpg;jpeg;jpe</Extensions>
    </Filter>
  </ItemGroup>
  <ItemGroup>
    <ClCompile Include="CClipboard.cpp">
      <Filter>Source Files</Filter>
    </ClCompile>
    <ClCompile Include="CKeyMap.cpp">
      <Filter>Source Files</Filter>
    </ClCompile>
    <ClCompile Include="CKeyState.cpp">
      <Filter>Source Files</Filter>
    </ClCompile>
    <ClCompile Include="CPacketStreamFilter.cpp">
      <Filter>Source Files</Filter>
    </ClCompile>
    <ClCompile Include="CPlatformScreen.cpp">
      <Filter>Source Files</Filter>
    </ClCompile>
    <ClCompile Include="CProtocolUtil.cpp">
      <Filter>Source Files</Filter>
    </ClCompile>
    <ClCompile Include="CScreen.cpp">
      <Filter>Source Files</Filter>
    </ClCompile>
    <ClCompile Include="IClipboard.cpp">
      <Filter>Source Files</Filter>
    </ClCompile>
    <ClCompile Include="IKeyState.cpp">
      <Filter>Source Files</Filter>
    </ClCompile>
    <ClCompile Include="IPrimaryScreen.cpp">
      <Filter>Source Files</Filter>
    </ClCompile>
    <ClCompile Include="IScreen.cpp">
      <Filter>Source Files</Filter>
    </ClCompile>
    <ClCompile Include="KeyTypes.cpp">
      <Filter>Source Files</Filter>
    </ClCompile>
    <ClCompile Include="ProtocolTypes.cpp">
      <Filter>Source Files</Filter>
    </ClCompile>
    <ClCompile Include="XScreen.cpp">
      <Filter>Source Files</Filter>
    </ClCompile>
    <ClCompile Include="XSynergy.cpp">
      <Filter>Source Files</Filter>
    </ClCompile>
  </ItemGroup>
  <ItemGroup>
    <ClInclude Include="CClipboard.h">
      <Filter>Header Files</Filter>
    </ClInclude>
    <ClInclude Include="CKeyMap.h">
      <Filter>Header Files</Filter>
    </ClInclude>
    <ClInclude Include="CKeyState.h">
      <Filter>Header Files</Filter>
    </ClInclude>
    <ClInclude Include="ClipboardTypes.h">
      <Filter>Header Files</Filter>
    </ClInclude>
    <ClInclude Include="CPacketStreamFilter.h">
      <Filter>Header Files</Filter>
    </ClInclude>
    <ClInclude Include="CPlatformScreen.h">
      <Filter>Header Files</Filter>
    </ClInclude>
    <ClInclude Include="CProtocolUtil.h">
      <Filter>Header Files</Filter>
    </ClInclude>
    <ClInclude Include="CScreen.h">
      <Filter>Header Files</Filter>
    </ClInclude>
    <ClInclude Include="IClient.h">
      <Filter>Header Files</Filter>
    </ClInclude>
    <ClInclude Include="IClipboard.h">
      <Filter>Header Files</Filter>
    </ClInclude>
    <ClInclude Include="IKeyState.h">
      <Filter>Header Files</Filter>
    </ClInclude>
    <ClInclude Include="IPlatformScreen.h">
      <Filter>Header Files</Filter>
    </ClInclude>
    <ClInclude Include="IPrimaryScreen.h">
      <Filter>Header Files</Filter>
    </ClInclude>
    <ClInclude Include="IScreen.h">
      <Filter>Header Files</Filter>
    </ClInclude>
    <ClInclude Include="IScreenSaver.h">
      <Filter>Header Files</Filter>
    </ClInclude>
    <ClInclude Include="ISecondaryScreen.h">
      <Filter>Header Files</Filter>
    </ClInclude>
    <ClInclude Include="KeyTypes.h">
      <Filter>Header Files</Filter>
    </ClInclude>
    <ClInclude Include="MouseTypes.h">
      <Filter>Header Files</Filter>
    </ClInclude>
    <ClInclude Include="OptionTypes.h">
      <Filter>Header Files</Filter>
    </ClInclude>
    <ClInclude Include="ProtocolTypes.h">
      <Filter>Header Files</Filter>
    </ClInclude>
    <ClInclude Include="XScreen.h">
      <Filter>Header Files</Filter>
    </ClInclude>
    <ClInclude Include="XSynergy.h">
      <Filter>Header Files</Filter>
    </ClInclude>
  </ItemGroup>
</Project>