<?xml version="1.0" encoding="utf-8"?>
<Project ToolsVersion="4.0" xmlns="http://schemas.microsoft.com/developer/msbuild/2003">
  <ItemGroup>
    <Filter Include="Source Files">
      <UniqueIdentifier>{30294741-ec16-4107-84bd-db84e80b87a9}</UniqueIdentifier>
      <Extensions>cpp;c;cxx;rc;def;r;odl;idl;hpj;bat</Extensions>
    </Filter>
    <Filter Include="Header Files">
      <UniqueIdentifier>{7af6a328-b49f-4462-b443-1ff0b0c13026}</UniqueIdentifier>
      <Extensions>h;hpp;hxx;hm;inl</Extensions>
    </Filter>
    <Filter Include="Resource Files">
      <UniqueIdentifier>{3aa408b9-36fa-415c-a526-f25443890c09}</UniqueIdentifier>
      <Extensions>ico;cur;bmp;dlg;rc2;rct;bin;rgs;gif;jpg;jpeg;jpe</Extensions>
    </Filter>
  </ItemGroup>
  <ItemGroup>
    <ClCompile Include="CBaseClientProxy.cpp">
      <Filter>Source Files</Filter>
    </ClCompile>
    <ClCompile Include="CClientListener.cpp">
      <Filter>Source Files</Filter>
    </ClCompile>
    <ClCompile Include="CClientProxy.cpp">
      <Filter>Source Files</Filter>
    </ClCompile>
    <ClCompile Include="CClientProxy1_0.cpp">
      <Filter>Source Files</Filter>
    </ClCompile>
    <ClCompile Include="CClientProxy1_1.cpp">
      <Filter>Source Files</Filter>
    </ClCompile>
    <ClCompile Include="CClientProxy1_2.cpp">
      <Filter>Source Files</Filter>
    </ClCompile>
    <ClCompile Include="CClientProxy1_3.cpp">
      <Filter>Source Files</Filter>
    </ClCompile>
    <ClCompile Include="CClientProxyUnknown.cpp">
      <Filter>Source Files</Filter>
    </ClCompile>
    <ClCompile Include="CConfig.cpp">
      <Filter>Source Files</Filter>
    </ClCompile>
    <ClCompile Include="CInputFilter.cpp">
      <Filter>Source Files</Filter>
    </ClCompile>
    <ClCompile Include="CPrimaryClient.cpp">
      <Filter>Source Files</Filter>
    </ClCompile>
    <ClCompile Include="CServer.cpp">
      <Filter>Source Files</Filter>
    </ClCompile>
  </ItemGroup>
  <ItemGroup>
    <ClInclude Include="CBaseClientProxy.h">
      <Filter>Header Files</Filter>
    </ClInclude>
    <ClInclude Include="CClientListener.h">
      <Filter>Header Files</Filter>
    </ClInclude>
    <ClInclude Include="CClientProxy.h">
      <Filter>Header Files</Filter>
    </ClInclude>
    <ClInclude Include="CClientProxy1_0.h">
      <Filter>Header Files</Filter>
    </ClInclude>
    <ClInclude Include="CClientProxy1_1.h">
      <Filter>Header Files</Filter>
    </ClInclude>
    <ClInclude Include="CClientProxy1_2.h">
      <Filter>Header Files</Filter>
    </ClInclude>
    <ClInclude Include="CClientProxy1_3.h">
      <Filter>Header Files</Filter>
    </ClInclude>
    <ClInclude Include="CClientProxyUnknown.h">
      <Filter>Header Files</Filter>
    </ClInclude>
    <ClInclude Include="CConfig.h">
      <Filter>Header Files</Filter>
    </ClInclude>
    <ClInclude Include="CInputFilter.h">
      <Filter>Header Files</Filter>
    </ClInclude>
    <ClInclude Include="CPrimaryClient.h">
      <Filter>Header Files</Filter>
    </ClInclude>
    <ClInclude Include="CServer.h">
      <Filter>Header Files</Filter>
    </ClInclude>
  </ItemGroup>
</Project>