<?xml version="1.0" encoding="utf-8"?>
<Project ToolsVersion="4.0" xmlns="http://schemas.microsoft.com/developer/msbuild/2003">
  <ItemGroup>
    <Filter Include="Source Files">
      <UniqueIdentifier>{1765425d-67d8-4100-99b3-23a12b2a9508}</UniqueIdentifier>
      <Extensions>cpp;c;cxx;rc;def;r;odl;idl;hpj;bat</Extensions>
    </Filter>
    <Filter Include="Header Files">
      <UniqueIdentifier>{b59b752f-15a2-4782-a01b-c80fdbf0adef}</UniqueIdentifier>
      <Extensions>h;hpp;hxx;hm;inl</Extensions>
    </Filter>
  </ItemGroup>
  <ItemGroup>
    <ClCompile Include="CNetworkAddress.cpp">
      <Filter>Source Files</Filter>
    </ClCompile>
    <ClCompile Include="CSocketMultiplexer.cpp">
      <Filter>Source Files</Filter>
    </ClCompile>
    <ClCompile Include="CTCPListenSocket.cpp">
      <Filter>Source Files</Filter>
    </ClCompile>
    <ClCompile Include="CTCPSocket.cpp">
      <Filter>Source Files</Filter>
    </ClCompile>
    <ClCompile Include="CTCPSocketFactory.cpp">
      <Filter>Source Files</Filter>
    </ClCompile>
    <ClCompile Include="IDataSocket.cpp">
      <Filter>Source Files</Filter>
    </ClCompile>
    <ClCompile Include="IListenSocket.cpp">
      <Filter>Source Files</Filter>
    </ClCompile>
    <ClCompile Include="ISocket.cpp">
      <Filter>Source Files</Filter>
    </ClCompile>
    <ClCompile Include="XSocket.cpp">
      <Filter>Source Files</Filter>
    </ClCompile>
  </ItemGroup>
  <ItemGroup>
    <ClInclude Include="CNetworkAddress.h">
      <Filter>Header Files</Filter>
    </ClInclude>
    <ClInclude Include="CSocketMultiplexer.h">
      <Filter>Header Files</Filter>
    </ClInclude>
    <ClInclude Include="CTCPListenSocket.h">
      <Filter>Header Files</Filter>
    </ClInclude>
    <ClInclude Include="CTCPSocket.h">
      <Filter>Header Files</Filter>
    </ClInclude>
    <ClInclude Include="CTCPSocketFactory.h">
      <Filter>Header Files</Filter>
    </ClInclude>
    <ClInclude Include="IDataSocket.h">
      <Filter>Header Files</Filter>
    </ClInclude>
    <ClInclude Include="IListenSocket.h">
      <Filter>Header Files</Filter>
    </ClInclude>
    <ClInclude Include="ISocket.h">
      <Filter>Header Files</Filter>
    </ClInclude>
    <ClInclude Include="ISocketFactory.h">
      <Filter>Header Files</Filter>
    </ClInclude>
    <ClInclude Include="ISocketMultiplexerJob.h">
      <Filter>Header Files</Filter>
    </ClInclude>
    <ClInclude Include="TSocketMultiplexerMethodJob.h">
      <Filter>Header Files</Filter>
    </ClInclude>
    <ClInclude Include="XSocket.h">
      <Filter>Header Files</Filter>
    </ClInclude>
  </ItemGroup>
</Project>