<?xml version="1.0" encoding="utf-8"?>
<Project ToolsVersion="4.0" xmlns="http://schemas.microsoft.com/developer/msbuild/2003">
  <ItemGroup>
    <Filter Include="Source Files">
      <UniqueIdentifier>{827701d7-6f21-4a00-80a9-494d0c0d9b43}</UniqueIdentifier>
      <Extensions>cpp;c;cxx;rc;def;r;odl;idl;hpj;bat</Extensions>
    </Filter>
    <Filter Include="Header Files">
      <UniqueIdentifier>{ff65fb60-63ca-4ff1-a3df-f5dd95bbff80}</UniqueIdentifier>
      <Extensions>h;hpp;hxx;hm;inl</Extensions>
    </Filter>
  </ItemGroup>
  <ItemGroup>
    <ClCompile Include="CMSWindowsClipboard.cpp">
      <Filter>Source Files</Filter>
    </ClCompile>
    <ClCompile Include="CMSWindowsClipboardAnyTextConverter.cpp">
      <Filter>Source Files</Filter>
    </ClCompile>
    <ClCompile Include="CMSWindowsClipboardBitmapConverter.cpp">
      <Filter>Source Files</Filter>
    </ClCompile>
    <ClCompile Include="CMSWindowsClipboardHTMLConverter.cpp">
      <Filter>Source Files</Filter>
    </ClCompile>
    <ClCompile Include="CMSWindowsClipboardTextConverter.cpp">
      <Filter>Source Files</Filter>
    </ClCompile>
    <ClCompile Include="CMSWindowsClipboardUTF16Converter.cpp">
      <Filter>Source Files</Filter>
    </ClCompile>
    <ClCompile Include="CMSWindowsDesks.cpp">
      <Filter>Source Files</Filter>
    </ClCompile>
    <ClCompile Include="CMSWindowsEventQueueBuffer.cpp">
      <Filter>Source Files</Filter>
    </ClCompile>
    <ClCompile Include="CMSWindowsKeyState.cpp">
      <Filter>Source Files</Filter>
    </ClCompile>
    <ClCompile Include="CMSWindowsScreen.cpp">
      <Filter>Source Files</Filter>
    </ClCompile>
    <ClCompile Include="CMSWindowsScreenSaver.cpp">
      <Filter>Source Files</Filter>
    </ClCompile>
    <ClCompile Include="CMSWindowsUtil.cpp">
      <Filter>Source Files</Filter>
    </ClCompile>
  </ItemGroup>
  <ItemGroup>
    <ClInclude Include="CMSWindowsClipboard.h">
      <Filter>Header Files</Filter>
    </ClInclude>
    <ClInclude Include="CMSWindowsClipboardAnyTextConverter.h">
      <Filter>Header Files</Filter>
    </ClInclude>
    <ClInclude Include="CMSWindowsClipboardBitmapConverter.h">
      <Filter>Header Files</Filter>
    </ClInclude>
    <ClInclude Include="CMSWindowsClipboardHTMLConverter.h">
      <Filter>Header Files</Filter>
    </ClInclude>
    <ClInclude Include="CMSWindowsClipboardTextConverter.h">
      <Filter>Header Files</Filter>
    </ClInclude>
    <ClInclude Include="CMSWindowsClipboardUTF16Converter.h">
      <Filter>Header Files</Filter>
    </ClInclude>
    <ClInclude Include="CMSWindowsDesks.h">
      <Filter>Header Files</Filter>
    </ClInclude>
    <ClInclude Include="CMSWindowsEventQueueBuffer.h">
      <Filter>Header Files</Filter>
    </ClInclude>
    <ClInclude Include="CMSWindowsKeyState.h">
      <Filter>Header Files</Filter>
    </ClInclude>
    <ClInclude Include="CMSWindowsScreen.h">
      <Filter>Header Files</Filter>
    </ClInclude>
    <ClInclude Include="CMSWindowsScreenSaver.h">
      <Filter>Header Files</Filter>
    </ClInclude>
    <ClInclude Include="CMSWindowsUtil.h">
      <Filter>Header Files</Filter>
    </ClInclude>
  </ItemGroup>
</Project>