<?xml version="1.0" encoding="utf-8"?>
<Project ToolsVersion="4.0" xmlns="http://schemas.microsoft.com/developer/msbuild/2003">
  <ItemGroup>
    <Filter Include="Source Files">
      <UniqueIdentifier>{e1602b8e-9ff9-4814-8a44-6b0f78b9c8b4}</UniqueIdentifier>
      <Extensions>cpp;c;cxx;rc;def;r;odl;idl;hpj;bat</Extensions>
    </Filter>
    <Filter Include="Header Files">
      <UniqueIdentifier>{7fe7ceca-ceb3-42f9-8c8b-cd106634fb73}</UniqueIdentifier>
      <Extensions>h;hpp;hxx;hm;inl</Extensions>
    </Filter>
  </ItemGroup>
  <ItemGroup>
    <ClCompile Include="CEvent.cpp">
      <Filter>Source Files</Filter>
    </ClCompile>
    <ClCompile Include="CEventQueue.cpp">
      <Filter>Source Files</Filter>
    </ClCompile>
    <ClCompile Include="CFunctionEventJob.cpp">
      <Filter>Source Files</Filter>
    </ClCompile>
    <ClCompile Include="CFunctionJob.cpp">
      <Filter>Source Files</Filter>
    </ClCompile>
    <ClCompile Include="CLog.cpp">
      <Filter>Source Files</Filter>
    </ClCompile>
    <ClCompile Include="CSimpleEventQueueBuffer.cpp">
      <Filter>Source Files</Filter>
    </ClCompile>
    <ClCompile Include="CStopwatch.cpp">
      <Filter>Source Files</Filter>
    </ClCompile>
    <ClCompile Include="CStringUtil.cpp">
      <Filter>Source Files</Filter>
    </ClCompile>
    <ClCompile Include="CUnicode.cpp">
      <Filter>Source Files</Filter>
    </ClCompile>
    <ClCompile Include="IEventQueue.cpp">
      <Filter>Source Files</Filter>
    </ClCompile>
    <ClCompile Include="LogOutputters.cpp">
      <Filter>Source Files</Filter>
    </ClCompile>
    <ClCompile Include="XBase.cpp">
      <Filter>Source Files</Filter>
    </ClCompile>
  </ItemGroup>
  <ItemGroup>
    <ClInclude Include="CEvent.h">
      <Filter>Header Files</Filter>
    </ClInclude>
    <ClInclude Include="CEventQueue.h">
      <Filter>Header Files</Filter>
    </ClInclude>
    <ClInclude Include="CFunctionEventJob.h">
      <Filter>Header Files</Filter>
    </ClInclude>
    <ClInclude Include="CFunctionJob.h">
      <Filter>Header Files</Filter>
    </ClInclude>
    <ClInclude Include="CLog.h">
      <Filter>Header Files</Filter>
    </ClInclude>
    <ClInclude Include="CPriorityQueue.h">
      <Filter>Header Files</Filter>
    </ClInclude>
    <ClInclude Include="CSimpleEventQueueBuffer.h">
      <Filter>Header Files</Filter>
    </ClInclude>
    <ClInclude Include="CStopwatch.h">
      <Filter>Header Files</Filter>
    </ClInclude>
    <ClInclude Include="CString.h">
      <Filter>Header Files</Filter>
    </ClInclude>
    <ClInclude Include="CStringUtil.h">
      <Filter>Header Files</Filter>
    </ClInclude>
    <ClInclude Include="CUnicode.h">
      <Filter>Header Files</Filter>
    </ClInclude>
    <ClInclude Include="IEventJob.h">
      <Filter>Header Files</Filter>
    </ClInclude>
    <ClInclude Include="IEventQueue.h">
      <Filter>Header Files</Filter>
    </ClInclude>
    <ClInclude Include="IEventQueueBuffer.h">
      <Filter>Header Files</Filter>
    </ClInclude>
    <ClInclude Include="IJob.h">
      <Filter>Header Files</Filter>
    </ClInclude>
    <ClInclude Include="ILogOutputter.h">
      <Filter>Header Files</Filter>
    </ClInclude>
    <ClInclude Include="LogOutputters.h">
      <Filter>Header Files</Filter>
    </ClInclude>
    <ClInclude Include="TMethodEventJob.h">
      <Filter>Header Files</Filter>
    </ClInclude>
    <ClInclude Include="TMethodJob.h">
      <Filter>Header Files</Filter>
    </ClInclude>
    <ClInclude Include="XBase.h">
      <Filter>Header Files</Filter>
    </ClInclude>
  </ItemGroup>
</Project>