<?xml version="1.0" encoding="utf-8"?>
<Project ToolsVersion="4.0" xmlns="http://schemas.microsoft.com/developer/msbuild/2003">
  <ItemGroup>
    <Filter Include="Source Files">
      <UniqueIdentifier>{b74b54be-9d8c-47d2-86dc-bb0d71073d40}</UniqueIdentifier>
      <Extensions>cpp;c;cxx;rc;def;r;odl;idl;hpj;bat</Extensions>
    </Filter>
    <Filter Include="Header Files">
      <UniqueIdentifier>{fc244132-7953-400c-a154-1cfa622ab382}</UniqueIdentifier>
      <Extensions>h;hpp;hxx;hm;inl</Extensions>
    </Filter>
    <Filter Include="Resource Files">
      <UniqueIdentifier>{e632b18c-bc9e-4ac7-8140-b194221fe246}</UniqueIdentifier>
      <Extensions>ico;cur;bmp;dlg;rc2;rct;bin;rgs;gif;jpg;jpeg;jpe</Extensions>
    </Filter>
  </ItemGroup>
  <ItemGroup>
    <ClCompile Include="CMSWindowsServerTaskBarReceiver.cpp">
      <Filter>Source Files</Filter>
    </ClCompile>
    <ClCompile Include="CServerTaskBarReceiver.cpp">
      <Filter>Source Files</Filter>
    </ClCompile>
    <ClCompile Include="synergys.cpp">
      <Filter>Source Files</Filter>
    </ClCompile>
  </ItemGroup>
  <ItemGroup>
    <ResourceCompile Include="synergys.rc">
      <Filter>Source Files</Filter>
    </ResourceCompile>
  </ItemGroup>
  <ItemGroup>
    <ClInclude Include="CMSWindowsServerTaskBarReceiver.h">
      <Filter>Header Files</Filter>
    </ClInclude>
    <ClInclude Include="CServerTaskBarReceiver.h">
      <Filter>Header Files</Filter>
    </ClInclude>
    <ClInclude Include="resource.h">
      <Filter>Header Files</Filter>
    </ClInclude>
  </ItemGroup>
  <ItemGroup>
    <CustomBuild Include="synergys.ico">
      <Filter>Resource Files</Filter>
    </CustomBuild>
    <CustomBuild Include="tb_error.ico">
      <Filter>Resource Files</Filter>
    </CustomBuild>
    <CustomBuild Include="tb_idle.ico">
      <Filter>Resource Files</Filter>
    </CustomBuild>
    <CustomBuild Include="tb_run.ico">
      <Filter>Resource Files</Filter>
    </CustomBuild>
    <CustomBuild Include="tb_wait.ico">
      <Filter>Resource Files</Filter>
    </CustomBuild>
  </ItemGroup>
</Project>