
Microsoft Visual Studio Solution File, Format Version 11.00
# Visual Studio 2010
Project("{8BC9CEB8-8B4A-11D0-8D11-00A0C91BC942}") = "all", "all.vcxproj", "{8822749D-F90D-8A55-56AC-F3027A50D537}"
	ProjectSection(ProjectDependencies) = postProject
		{AE055E68-C200-9A24-5DE3-5993A49949AB} = {AE055E68-C200-9A24-5DE3-5993A49949AB}
	EndProjectSection
EndProject
Project("{8BC9CEB8-8B4A-11D0-8D11-00A0C91BC942}") = "arch", "lib\arch\arch.vcxproj", "{AB0BBF3B-9CAF-F6D1-C333-50A44228904D}"
EndProject
Project("{8BC9CEB8-8B4A-11D0-8D11-00A0C91BC942}") = "base", "lib\base\base.vcxproj", "{A09A5EAF-8CB9-1337-1D06-BF690B737DC1}"
EndProject
Project("{8BC9CEB8-8B4A-11D0-8D11-00A0C91BC942}") = "client", "lib\client\client.vcxproj", "{D45DEEB8-65FD-F1D3-CD82-D7D701B4EBAF}"
EndProject
Project("{8BC9CEB8-8B4A-11D0-8D11-00A0C91BC942}") = "common", "lib\common\common.vcxproj", "{F2CF1931-840B-82F9-17F0-A10CED673725}"
EndProject
Project("{8BC9CEB8-8B4A-11D0-8D11-00A0C91BC942}") = "exec", "cmd\exec.vcxproj", "{B6C3D08F-EC87-EF28-C452-1115CDEDDF18}"
	ProjectSection(ProjectDependencies) = postProject
		{C7BB0BEA-1888-5B71-F770-3A2A71011262} = {C7BB0BEA-1888-5B71-F770-3A2A71011262}
		{36C38F72-DBD4-C6DA-0624-64ADE13F6CBC} = {36C38F72-DBD4-C6DA-0624-64ADE13F6CBC}
	EndProjectSection
EndProject
Project("{8BC9CEB8-8B4A-11D0-8D11-00A0C91BC942}") = "installer", "dist\nullsoft\installer.vcxproj", "{8FD0164A-E630-53EC-A879-5E7451A45B87}"
EndProject
Project("{8BC9CEB8-8B4A-11D0-8D11-00A0C91BC942}") = "io", "lib\io\io.vcxproj", "{64E1418F-ADC8-40D0-AE2E-04C64358BF07}"
EndProject
Project("{8BC9CEB8-8B4A-11D0-8D11-00A0C91BC942}") = "launcher", "cmd\launcher\launcher.vcxproj", "{AE055E68-C200-9A24-5DE3-5993A49949AB}"
	ProjectSection(ProjectDependencies) = postProject
		{F2CF1931-840B-82F9-17F0-A10CED673725} = {F2CF1931-840B-82F9-17F0-A10CED673725}
		{AB0BBF3B-9CAF-F6D1-C333-50A44228904D} = {AB0BBF3B-9CAF-F6D1-C333-50A44228904D}
		{A09A5EAF-8CB9-1337-1D06-BF690B737DC1} = {A09A5EAF-8CB9-1337-1D06-BF690B737DC1}
		{B6C3D08F-EC87-EF28-C452-1115CDEDDF18} = {B6C3D08F-EC87-EF28-C452-1115CDEDDF18}
		{64E1418F-ADC8-40D0-AE2E-04C64358BF07} = {64E1418F-ADC8-40D0-AE2E-04C64358BF07}
		{554A527C-28BA-FB4E-21EB-55863689D876} = {554A527C-28BA-FB4E-21EB-55863689D876}
		{45BE65F9-3BAC-4D39-AB05-8E6E7CB18328} = {45BE65F9-3BAC-4D39-AB05-8E6E7CB18328}
		{FF1270A9-D6E6-AFDC-9DC9-530127173270} = {FF1270A9-D6E6-AFDC-9DC9-530127173270}
		{1A5B8705-6D25-0929-DB84-533D62AEFBF1} = {1A5B8705-6D25-0929-DB84-533D62AEFBF1}
		{5CA45A10-FE9C-6B2A-B34F-53AC52E62B2C} = {5CA45A10-FE9C-6B2A-B34F-53AC52E62B2C}
	EndProjectSection
EndProject
Project("{8BC9CEB8-8B4A-11D0-8D11-00A0C91BC942}") = "libsynergy", "lib\synergy\libsynergy.vcxproj", "{554A527C-28BA-FB4E-21EB-55863689D876}"
EndProject
Project("{8BC9CEB8-8B4A-11D0-8D11-00A0C91BC942}") = "makehook", "lib\platform\makehook.vcxproj", "{D91FAAA8-A55C-070B-E7C8-30CFE541FA07}"
	ProjectSection(ProjectDependencies) = postProject
		{45E32D54-EC05-BD5D-5C2D-22AA710DE096} = {45E32D54-EC05-BD5D-5C2D-22AA710DE096}
	EndProjectSection
EndProject
Project("{8BC9CEB8-8B4A-11D0-8D11-00A0C91BC942}") = "mt", "lib\mt\mt.vcxproj", "{45BE65F9-3BAC-4D39-AB05-8E6E7CB18328}"
EndProject
Project("{8BC9CEB8-8B4A-11D0-8D11-00A0C91BC942}") = "net", "lib\net\net.vcxproj", "{FF1270A9-D6E6-AFDC-9DC9-530127173270}"
EndProject
Project("{8BC9CEB8-8B4A-11D0-8D11-00A0C91BC942}") = "platform", "lib\platform\platform.vcxproj", "{1A5B8705-6D25-0929-DB84-533D62AEFBF1}"
EndProject
Project("{8BC9CEB8-8B4A-11D0-8D11-00A0C91BC942}") = "server", "lib\server\server.vcxproj", "{5CA45A10-FE9C-6B2A-B34F-53AC52E62B2C}"
EndProject
Project("{8BC9CEB8-8B4A-11D0-8D11-00A0C91BC942}") = "synergyc", "cmd\synergyc\synergyc.vcxproj", "{C7BB0BEA-1888-5B71-F770-3A2A71011262}"
	ProjectSection(ProjectDependencies) = postProject
		{F2CF1931-840B-82F9-17F0-A10CED673725} = {F2CF1931-840B-82F9-17F0-A10CED673725}
		{AB0BBF3B-9CAF-F6D1-C333-50A44228904D} = {AB0BBF3B-9CAF-F6D1-C333-50A44228904D}
		{A09A5EAF-8CB9-1337-1D06-BF690B737DC1} = {A09A5EAF-8CB9-1337-1D06-BF690B737DC1}
		{64E1418F-ADC8-40D0-AE2E-04C64358BF07} = {64E1418F-ADC8-40D0-AE2E-04C64358BF07}
		{45BE65F9-3BAC-4D39-AB05-8E6E7CB18328} = {45BE65F9-3BAC-4D39-AB05-8E6E7CB18328}
		{FF1270A9-D6E6-AFDC-9DC9-530127173270} = {FF1270A9-D6E6-AFDC-9DC9-530127173270}
		{554A527C-28BA-FB4E-21EB-55863689D876} = {554A527C-28BA-FB4E-21EB-55863689D876}
		{1A5B8705-6D25-0929-DB84-533D62AEFBF1} = {1A5B8705-6D25-0929-DB84-533D62AEFBF1}
		{D45DEEB8-65FD-F1D3-CD82-D7D701B4EBAF} = {D45DEEB8-65FD-F1D3-CD82-D7D701B4EBAF}
	EndProjectSection
EndProject
Project("{8BC9CEB8-8B4A-11D0-8D11-00A0C91BC942}") = "synergys", "cmd\synergys\synergys.vcxproj", "{36C38F72-DBD4-C6DA-0624-64ADE13F6CBC}"
	ProjectSection(ProjectDependencies) = postProject
		{F2CF1931-840B-82F9-17F0-A10CED673725} = {F2CF1931-840B-82F9-17F0-A10CED673725}
		{AB0BBF3B-9CAF-F6D1-C333-50A44228904D} = {AB0BBF3B-9CAF-F6D1-C333-50A44228904D}
		{A09A5EAF-8CB9-1337-1D06-BF690B737DC1} = {A09A5EAF-8CB9-1337-1D06-BF690B737DC1}
		{64E1418F-ADC8-40D0-AE2E-04C64358BF07} = {64E1418F-ADC8-40D0-AE2E-04C64358BF07}
		{45BE65F9-3BAC-4D39-AB05-8E6E7CB18328} = {45BE65F9-3BAC-4D39-AB05-8E6E7CB18328}
		{FF1270A9-D6E6-AFDC-9DC9-530127173270} = {FF1270A9-D6E6-AFDC-9DC9-530127173270}
		{554A527C-28BA-FB4E-21EB-55863689D876} = {554A527C-28BA-FB4E-21EB-55863689D876}
		{1A5B8705-6D25-0929-DB84-533D62AEFBF1} = {1A5B8705-6D25-0929-DB84-533D62AEFBF1}
		{D91FAAA8-A55C-070B-E7C8-30CFE541FA07} = {D91FAAA8-A55C-070B-E7C8-30CFE541FA07}
		{5CA45A10-FE9C-6B2A-B34F-53AC52E62B2C} = {5CA45A10-FE9C-6B2A-B34F-53AC52E62B2C}
	EndProjectSection
EndProject
Project("{8BC9CEB8-8B4A-11D0-8D11-00A0C91BC942}") = "synrgyhk", "lib\platform\synrgyhk.vcxproj", "{45E32D54-EC05-BD5D-5C2D-22AA710DE096}"
EndProject
Global
	GlobalSection(SolutionConfigurationPlatforms) = preSolution
		Debug|Win32 = Debug|Win32
		Release|Win32 = Release|Win32
		Template|Win32 = Template|Win32
	EndGlobalSection
	GlobalSection(ProjectConfigurationPlatforms) = postSolution
		{8822749D-F90D-8A55-56AC-F3027A50D537}.Debug|Win32.ActiveCfg = Debug|Win32
		{8822749D-F90D-8A55-56AC-F3027A50D537}.Debug|Win32.Build.0 = Debug|Win32
		{8822749D-F90D-8A55-56AC-F3027A50D537}.Release|Win32.ActiveCfg = Release|Win32
		{8822749D-F90D-8A55-56AC-F3027A50D537}.Release|Win32.Build.0 = Release|Win32
		{8822749D-F90D-8A55-56AC-F3027A50D537}.Template|Win32.ActiveCfg = Release|Win32
		{8822749D-F90D-8A55-56AC-F3027A50D537}.Template|Win32.Build.0 = Release|Win32
		{AB0BBF3B-9CAF-F6D1-C333-50A44228904D}.Debug|Win32.ActiveCfg = Debug|Win32
		{AB0BBF3B-9CAF-F6D1-C333-50A44228904D}.Debug|Win32.Build.0 = Debug|Win32
		{AB0BBF3B-9CAF-F6D1-C333-50A44228904D}.Release|Win32.ActiveCfg = Release|Win32
		{AB0BBF3B-9CAF-F6D1-C333-50A44228904D}.Release|Win32.Build.0 = Release|Win32
		{AB0BBF3B-9CAF-F6D1-C333-50A44228904D}.Template|Win32.ActiveCfg = Template|Win32
		{AB0BBF3B-9CAF-F6D1-C333-50A44228904D}.Template|Win32.Build.0 = Template|Win32
		{A09A5EAF-8CB9-1337-1D06-BF690B737DC1}.Debug|Win32.ActiveCfg = Debug|Win32
		{A09A5EAF-8CB9-1337-1D06-BF690B737DC1}.Debug|Win32.Build.0 = Debug|Win32
		{A09A5EAF-8CB9-1337-1D06-BF690B737DC1}.Release|Win32.ActiveCfg = Release|Win32
		{A09A5EAF-8CB9-1337-1D06-BF690B737DC1}.Release|Win32.Build.0 = Release|Win32
		{A09A5EAF-8CB9-1337-1D06-BF690B737DC1}.Template|Win32.ActiveCfg = Template|Win32
		{A09A5EAF-8CB9-1337-1D06-BF690B737DC1}.Template|Win32.Build.0 = Template|Win32
		{D45DEEB8-65FD-F1D3-CD82-D7D701B4EBAF}.Debug|Win32.ActiveCfg = Debug|Win32
		{D45DEEB8-65FD-F1D3-CD82-D7D701B4EBAF}.Debug|Win32.Build.0 = Debug|Win32
		{D45DEEB8-65FD-F1D3-CD82-D7D701B4EBAF}.Release|Win32.ActiveCfg = Release|Win32
		{D45DEEB8-65FD-F1D3-CD82-D7D701B4EBAF}.Release|Win32.Build.0 = Release|Win32
		{D45DEEB8-65FD-F1D3-CD82-D7D701B4EBAF}.Template|Win32.ActiveCfg = Template|Win32
		{D45DEEB8-65FD-F1D3-CD82-D7D701B4EBAF}.Template|Win32.Build.0 = Template|Win32
		{F2CF1931-840B-82F9-17F0-A10CED673725}.Debug|Win32.ActiveCfg = Debug|Win32
		{F2CF1931-840B-82F9-17F0-A10CED673725}.Debug|Win32.Build.0 = Debug|Win32
		{F2CF1931-840B-82F9-17F0-A10CED673725}.Release|Win32.ActiveCfg = Release|Win32
		{F2CF1931-840B-82F9-17F0-A10CED673725}.Release|Win32.Build.0 = Release|Win32
		{F2CF1931-840B-82F9-17F0-A10CED673725}.Template|Win32.ActiveCfg = Template|Win32
		{F2CF1931-840B-82F9-17F0-A10CED673725}.Template|Win32.Build.0 = Template|Win32
		{B6C3D08F-EC87-EF28-C452-1115CDEDDF18}.Debug|Win32.ActiveCfg = Debug|Win32
		{B6C3D08F-EC87-EF28-C452-1115CDEDDF18}.Debug|Win32.Build.0 = Debug|Win32
		{B6C3D08F-EC87-EF28-C452-1115CDEDDF18}.Release|Win32.ActiveCfg = Release|Win32
		{B6C3D08F-EC87-EF28-C452-1115CDEDDF18}.Release|Win32.Build.0 = Release|Win32
		{B6C3D08F-EC87-EF28-C452-1115CDEDDF18}.Template|Win32.ActiveCfg = Template|Win32
		{B6C3D08F-EC87-EF28-C452-1115CDEDDF18}.Template|Win32.Build.0 = Template|Win32
		{8FD0164A-E630-53EC-A879-5E7451A45B87}.Debug|Win32.ActiveCfg = Debug|Win32
		{8FD0164A-E630-53EC-A879-5E7451A45B87}.Debug|Win32.Build.0 = Debug|Win32
		{8FD0164A-E630-53EC-A879-5E7451A45B87}.Release|Win32.ActiveCfg = Release|Win32
		{8FD0164A-E630-53EC-A879-5E7451A45B87}.Release|Win32.Build.0 = Release|Win32
		{8FD0164A-E630-53EC-A879-5E7451A45B87}.Template|Win32.ActiveCfg = Template|Win32
		{8FD0164A-E630-53EC-A879-5E7451A45B87}.Template|Win32.Build.0 = Template|Win32
		{64E1418F-ADC8-40D0-AE2E-04C64358BF07}.Debug|Win32.ActiveCfg = Debug|Win32
		{64E1418F-ADC8-40D0-AE2E-04C64358BF07}.Debug|Win32.Build.0 = Debug|Win32
		{64E1418F-ADC8-40D0-AE2E-04C64358BF07}.Release|Win32.ActiveCfg = Release|Win32
		{64E1418F-ADC8-40D0-AE2E-04C64358BF07}.Release|Win32.Build.0 = Release|Win32
		{64E1418F-ADC8-40D0-AE2E-04C64358BF07}.Template|Win32.ActiveCfg = Template|Win32
		{64E1418F-ADC8-40D0-AE2E-04C64358BF07}.Template|Win32.Build.0 = Template|Win32
		{AE055E68-C200-9A24-5DE3-5993A49949AB}.Debug|Win32.ActiveCfg = Debug|Win32
		{AE055E68-C200-9A24-5DE3-5993A49949AB}.Debug|Win32.Build.0 = Debug|Win32
		{AE055E68-C200-9A24-5DE3-5993A49949AB}.Release|Win32.ActiveCfg = Release|Win32
		{AE055E68-C200-9A24-5DE3-5993A49949AB}.Release|Win32.Build.0 = Release|Win32
		{AE055E68-C200-9A24-5DE3-5993A49949AB}.Template|Win32.ActiveCfg = Template|Win32
		{AE055E68-C200-9A24-5DE3-5993A49949AB}.Template|Win32.Build.0 = Template|Win32
		{554A527C-28BA-FB4E-21EB-55863689D876}.Debug|Win32.ActiveCfg = Debug|Win32
		{554A527C-28BA-FB4E-21EB-55863689D876}.Debug|Win32.Build.0 = Debug|Win32
		{554A527C-28BA-FB4E-21EB-55863689D876}.Release|Win32.ActiveCfg = Release|Win32
		{554A527C-28BA-FB4E-21EB-55863689D876}.Release|Win32.Build.0 = Release|Win32
		{554A527C-28BA-FB4E-21EB-55863689D876}.Template|Win32.ActiveCfg = Template|Win32
		{554A527C-28BA-FB4E-21EB-55863689D876}.Template|Win32.Build.0 = Template|Win32
		{D91FAAA8-A55C-070B-E7C8-30CFE541FA07}.Debug|Win32.ActiveCfg = Debug|Win32
		{D91FAAA8-A55C-070B-E7C8-30CFE541FA07}.Debug|Win32.Build.0 = Debug|Win32
		{D91FAAA8-A55C-070B-E7C8-30CFE541FA07}.Release|Win32.ActiveCfg = Release|Win32
		{D91FAAA8-A55C-070B-E7C8-30CFE541FA07}.Release|Win32.Build.0 = Release|Win32
		{D91FAAA8-A55C-070B-E7C8-30CFE541FA07}.Template|Win32.ActiveCfg = Template|Win32
		{D91FAAA8-A55C-070B-E7C8-30CFE541FA07}.Template|Win32.Build.0 = Template|Win32
		{45BE65F9-3BAC-4D39-AB05-8E6E7CB18328}.Debug|Win32.ActiveCfg = Debug|Win32
		{45BE65F9-3BAC-4D39-AB05-8E6E7CB18328}.Debug|Win32.Build.0 = Debug|Win32
		{45BE65F9-3BAC-4D39-AB05-8E6E7CB18328}.Release|Win32.ActiveCfg = Release|Win32
		{45BE65F9-3BAC-4D39-AB05-8E6E7CB18328}.Release|Win32.Build.0 = Release|Win32
		{45BE65F9-3BAC-4D39-AB05-8E6E7CB18328}.Template|Win32.ActiveCfg = Template|Win32
		{45BE65F9-3BAC-4D39-AB05-8E6E7CB18328}.Template|Win32.Build.0 = Template|Win32
		{FF1270A9-D6E6-AFDC-9DC9-530127173270}.Debug|Win32.ActiveCfg = Debug|Win32
		{FF1270A9-D6E6-AFDC-9DC9-530127173270}.Debug|Win32.Build.0 = Debug|Win32
		{FF1270A9-D6E6-AFDC-9DC9-530127173270}.Release|Win32.ActiveCfg = Release|Win32
		{FF1270A9-D6E6-AFDC-9DC9-530127173270}.Release|Win32.Build.0 = Release|Win32
		{FF1270A9-D6E6-AFDC-9DC9-530127173270}.Template|Win32.ActiveCfg = Template|Win32
		{FF1270A9-D6E6-AFDC-9DC9-530127173270}.Template|Win32.Build.0 = Template|Win32
		{1A5B8705-6D25-0929-DB84-533D62AEFBF1}.Debug|Win32.ActiveCfg = Debug|Win32
		{1A5B8705-6D25-0929-DB84-533D62AEFBF1}.Debug|Win32.Build.0 = Debug|Win32
		{1A5B8705-6D25-0929-DB84-533D62AEFBF1}.Release|Win32.ActiveCfg = Release|Win32
		{1A5B8705-6D25-0929-DB84-533D62AEFBF1}.Release|Win32.Build.0 = Release|Win32
		{1A5B8705-6D25-0929-DB84-533D62AEFBF1}.Template|Win32.ActiveCfg = Template|Win32
		{1A5B8705-6D25-0929-DB84-533D62AEFBF1}.Template|Win32.Build.0 = Template|Win32
		{5CA45A10-FE9C-6B2A-B34F-53AC52E62B2C}.Debug|Win32.ActiveCfg = Debug|Win32
		{5CA45A10-FE9C-6B2A-B34F-53AC52E62B2C}.Debug|Win32.Build.0 = Debug|Win32
		{5CA45A10-FE9C-6B2A-B34F-53AC52E62B2C}.Release|Win32.ActiveCfg = Release|Win32
		{5CA45A10-FE9C-6B2A-B34F-53AC52E62B2C}.Release|Win32.Build.0 = Release|Win32
		{5CA45A10-FE9C-6B2A-B34F-53AC52E62B2C}.Template|Win32.ActiveCfg = Template|Win32
		{5CA45A10-FE9C-6B2A-B34F-53AC52E62B2C}.Template|Win32.Build.0 = Template|Win32
		{C7BB0BEA-1888-5B71-F770-3A2A71011262}.Debug|Win32.ActiveCfg = Debug|Win32
		{C7BB0BEA-1888-5B71-F770-3A2A71011262}.Debug|Win32.Build.0 = Debug|Win32
		{C7BB0BEA-1888-5B71-F770-3A2A71011262}.Release|Win32.ActiveCfg = Release|Win32
		{C7BB0BEA-1888-5B71-F770-3A2A71011262}.Release|Win32.Build.0 = Release|Win32
		{C7BB0BEA-1888-5B71-F770-3A2A71011262}.Template|Win32.ActiveCfg = Template|Win32
		{C7BB0BEA-1888-5B71-F770-3A2A71011262}.Template|Win32.Build.0 = Template|Win32
		{36C38F72-DBD4-C6DA-0624-64ADE13F6CBC}.Debug|Win32.ActiveCfg = Debug|Win32
		{36C38F72-DBD4-C6DA-0624-64ADE13F6CBC}.Debug|Win32.Build.0 = Debug|Win32
		{36C38F72-DBD4-C6DA-0624-64ADE13F6CBC}.Release|Win32.ActiveCfg = Release|Win32
		{36C38F72-DBD4-C6DA-0624-64ADE13F6CBC}.Release|Win32.Build.0 = Release|Win32
		{36C38F72-DBD4-C6DA-0624-64ADE13F6CBC}.Template|Win32.ActiveCfg = Template|Win32
		{36C38F72-DBD4-C6DA-0624-64ADE13F6CBC}.Template|Win32.Build.0 = Template|Win32
		{45E32D54-EC05-BD5D-5C2D-22AA710DE096}.Debug|Win32.ActiveCfg = Debug|Win32
		{45E32D54-EC05-BD5D-5C2D-22AA710DE096}.Debug|Win32.Build.0 = Debug|Win32
		{45E32D54-EC05-BD5D-5C2D-22AA710DE096}.Release|Win32.ActiveCfg = Release|Win32
		{45E32D54-EC05-BD5D-5C2D-22AA710DE096}.Release|Win32.Build.0 = Release|Win32
		{45E32D54-EC05-BD5D-5C2D-22AA710DE096}.Template|Win32.ActiveCfg = Template|Win32
		{45E32D54-EC05-BD5D-5C2D-22AA710DE096}.Template|Win32.Build.0 = Template|Win32
	EndGlobalSection
	GlobalSection(SolutionProperties) = preSolution
		HideSolutionNode = FALSE
	EndGlobalSection
EndGlobal
