<?xml version="1.0" encoding="utf-8"?>
<Project ToolsVersion="4.0" xmlns="http://schemas.microsoft.com/developer/msbuild/2003">
  <ItemGroup>
    <Filter Include="Source Files">
      <UniqueIdentifier>{2c8a3b0f-1b44-449b-9666-3138dd6bd63d}</UniqueIdentifier>
      <Extensions>cpp;c;cxx;rc;def;r;odl;idl;hpj;bat</Extensions>
    </Filter>
    <Filter Include="Header Files">
      <UniqueIdentifier>{fabf1b5c-b5be-4848-8a9f-1b91b555dca4}</UniqueIdentifier>
      <Extensions>h;hpp;hxx;hm;inl</Extensions>
    </Filter>
  </ItemGroup>
  <ItemGroup>
    <ClCompile Include="CArch.cpp">
      <Filter>Source Files</Filter>
    </ClCompile>
    <ClCompile Include="CArchConsoleWindows.cpp">
      <Filter>Source Files</Filter>
    </ClCompile>
    <ClCompile Include="CArchDaemonWindows.cpp">
      <Filter>Source Files</Filter>
    </ClCompile>
    <ClCompile Include="CArchFileWindows.cpp">
      <Filter>Source Files</Filter>
    </ClCompile>
    <ClCompile Include="CArchLogWindows.cpp">
      <Filter>Source Files</Filter>
    </ClCompile>
    <ClCompile Include="CArchMiscWindows.cpp">
      <Filter>Source Files</Filter>
    </ClCompile>
    <ClCompile Include="CArchMultithreadWindows.cpp">
      <Filter>Source Files</Filter>
    </ClCompile>
    <ClCompile Include="CArchNetworkWinsock.cpp">
      <Filter>Source Files</Filter>
    </ClCompile>
    <ClCompile Include="CArchSleepWindows.cpp">
      <Filter>Source Files</Filter>
    </ClCompile>
    <ClCompile Include="CArchStringWindows.cpp">
      <Filter>Source Files</Filter>
    </ClCompile>
    <ClCompile Include="CArchSystemWindows.cpp">
      <Filter>Source Files</Filter>
    </ClCompile>
    <ClCompile Include="CArchTaskBarWindows.cpp">
      <Filter>Source Files</Filter>
    </ClCompile>
    <ClCompile Include="CArchTimeWindows.cpp">
      <Filter>Source Files</Filter>
    </ClCompile>
    <ClCompile Include="CMultibyte.cpp">
      <Filter>Source Files</Filter>
    </ClCompile>
    <ClCompile Include="vsnprintf.cpp">
      <Filter>Source Files</Filter>
    </ClCompile>
    <ClCompile Include="XArch.cpp">
      <Filter>Source Files</Filter>
    </ClCompile>
    <ClCompile Include="XArchWindows.cpp">
      <Filter>Source Files</Filter>
    </ClCompile>
  </ItemGroup>
  <ItemGroup>
    <ClInclude Include="CArch.h">
      <Filter>Header Files</Filter>
    </ClInclude>
    <ClInclude Include="CArchConsoleWindows.h">
      <Filter>Header Files</Filter>
    </ClInclude>
    <ClInclude Include="CArchDaemonWindows.h">
      <Filter>Header Files</Filter>
    </ClInclude>
    <ClInclude Include="CArchFileWindows.h">
      <Filter>Header Files</Filter>
    </ClInclude>
    <ClInclude Include="CArchLogWindows.h">
      <Filter>Header Files</Filter>
    </ClInclude>
    <ClInclude Include="CArchMiscWindows.h">
      <Filter>Header Files</Filter>
    </ClInclude>
    <ClInclude Include="CArchMultithreadWindows.h">
      <Filter>Header Files</Filter>
    </ClInclude>
    <ClInclude Include="CArchNetworkWinsock.h">
      <Filter>Header Files</Filter>
    </ClInclude>
    <ClInclude Include="CArchSleepWindows.h">
      <Filter>Header Files</Filter>
    </ClInclude>
    <ClInclude Include="CArchStringWindows.h">
      <Filter>Header Files</Filter>
    </ClInclude>
    <ClInclude Include="CArchSystemWindows.h">
      <Filter>Header Files</Filter>
    </ClInclude>
    <ClInclude Include="CArchTaskBarWindows.h">
      <Filter>Header Files</Filter>
    </ClInclude>
    <ClInclude Include="CArchTimeWindows.h">
      <Filter>Header Files</Filter>
    </ClInclude>
    <ClInclude Include="IArchConsole.h">
      <Filter>Header Files</Filter>
    </ClInclude>
    <ClInclude Include="IArchDaemon.h">
      <Filter>Header Files</Filter>
    </ClInclude>
    <ClInclude Include="IArchFile.h">
      <Filter>Header Files</Filter>
    </ClInclude>
    <ClInclude Include="IArchLog.h">
      <Filter>Header Files</Filter>
    </ClInclude>
    <ClInclude Include="IArchMultithread.h">
      <Filter>Header Files</Filter>
    </ClInclude>
    <ClInclude Include="IArchNetwork.h">
      <Filter>Header Files</Filter>
    </ClInclude>
    <ClInclude Include="IArchSleep.h">
      <Filter>Header Files</Filter>
    </ClInclude>
    <ClInclude Include="IArchString.h">
      <Filter>Header Files</Filter>
    </ClInclude>
    <ClInclude Include="IArchSystem.h">
      <Filter>Header Files</Filter>
    </ClInclude>
    <ClInclude Include="IArchTaskBar.h">
      <Filter>Header Files</Filter>
    </ClInclude>
    <ClInclude Include="IArchTaskBarReceiver.h">
      <Filter>Header Files</Filter>
    </ClInclude>
    <ClInclude Include="IArchTime.h">
      <Filter>Header Files</Filter>
    </ClInclude>
    <ClInclude Include="XArch.h">
      <Filter>Header Files</Filter>
    </ClInclude>
    <ClInclude Include="XArchWindows.h">
      <Filter>Header Files</Filter>
    </ClInclude>
  </ItemGroup>
</Project>